{
  "version": 4,
  "terraform_version": "1.12.2",
  "serial": 20,
  "lineage": "06826b56-2c0a-e797-f311-95d4f2530cc6",
  "outputs": {
    "vpc_id": {
      "value": "te",
      "type": "string"
    }
  },
  "resources": [
    {
      "mode": "data",
      "type": "archive_file",
      "name": "zipfile",
      "provider": "provider[\"registry.terraform.io/hashicorp/archive\"]",
      "instances": [
        {
          "schema_version": 0,
          "attributes": {
            "exclude_symlink_directories": null,
            "excludes": null,
            "id": "2b9fac553effcf9a5850831a611e4ad8570453b2",
            "output_base64sha256": "WJsZnn2LgVlUTeRKtuhnczt9VbX2Q7unpCB7JAWE+ss=",
            "output_base64sha512": "RWk89xvU6ir9ZD+ZgGIT0W5SKAbl7DM6jXRcvO4Dydlf6KsAymjxIy5kA2Iy+xGOWg/9jDSSC9a4jLqoSBMsCw==",
            "output_file_mode": null,
            "output_md5": "65fd08d082b7e510299120655c9ef6af",
            "output_path": "./python/handler.zip",
            "output_sha": "2b9fac553effcf9a5850831a611e4ad8570453b2",
            "output_sha256": "589b199e7d8b8159544de44ab6e867733b7d55b5f643bba7a4207b240584facb",
            "output_sha512": "45693cf71bd4ea2afd643f99806213d16e522806e5ec333a8d745cbcee03c9d95fe8ab00ca68f1232e64036232fb118e5a0ffd8c34920bd6b88cbaa848132c0b",
            "output_size": 356,
            "source": [],
            "source_content": null,
            "source_content_filename": null,
            "source_dir": "./python/",
            "source_file": null,
            "type": "zip"
          },
          "sensitive_attributes": [],
          "identity_schema_version": 0
        }
      ]
    },
    {
      "mode": "data",
      "type": "aws_iam_role",
      "name": "lambda_iamrolename",
      "provider": "provider[\"registry.terraform.io/hashicorp/aws\"]",
      "instances": [
        {
          "schema_version": 0,
          "attributes": {
            "arn": "arn:aws:iam::595374584249:role/lamdaiamrole",
            "assume_role_policy": "{\"Version\":\"2012-10-17\",\"Statement\":[{\"Effect\":\"Allow\",\"Principal\":{\"Service\":\"lambda.amazonaws.com\"},\"Action\":\"sts:AssumeRole\"}]}",
            "create_date": "2025-06-28T06:48:05Z",
            "description": "Allows Lambda functions to call AWS services on your behalf.",
            "id": "lamdaiamrole",
            "max_session_duration": 3600,
            "name": "lamdaiamrole",
            "path": "/",
            "permissions_boundary": "",
            "role_last_used": [
              {
                "last_used_date": "",
                "region": ""
              }
            ],
            "tags": {},
            "unique_id": "AROAYVHYXGG46PRZ7YMSD"
          },
          "sensitive_attributes": [],
          "identity_schema_version": 0
        }
      ]
    },
    {
      "mode": "managed",
      "type": "aws_lambda_function",
      "name": "createlamda",
      "provider": "provider[\"registry.terraform.io/hashicorp/aws\"]",
      "instances": [
        {
          "schema_version": 0,
          "attributes": {
            "architectures": [
              "x86_64"
            ],
            "arn": "arn:aws:lambda:us-east-1:595374584249:function:testlamda",
            "code_signing_config_arn": "",
            "dead_letter_config": [],
            "description": "",
            "environment": [],
            "ephemeral_storage": [
              {
                "size": 512
              }
            ],
            "file_system_config": [],
            "filename": "./python/handler.zip",
            "function_name": "testlamda",
            "handler": "lamdahandler.handler",
            "id": "testlamda",
            "image_config": [],
            "image_uri": "",
            "invoke_arn": "arn:aws:apigateway:us-east-1:lambda:path/2015-03-31/functions/arn:aws:lambda:us-east-1:595374584249:function:testlamda/invocations",
            "kms_key_arn": "",
            "last_modified": "2025-06-28T08:33:39.418+0000",
            "layers": [],
            "memory_size": 128,
            "package_type": "Zip",
            "publish": false,
            "qualified_arn": "arn:aws:lambda:us-east-1:595374584249:function:testlamda:$LATEST",
            "qualified_invoke_arn": "arn:aws:apigateway:us-east-1:lambda:path/2015-03-31/functions/arn:aws:lambda:us-east-1:595374584249:function:testlamda:$LATEST/invocations",
            "replace_security_groups_on_destroy": null,
            "replacement_security_group_ids": null,
            "reserved_concurrent_executions": -1,
            "role": "arn:aws:iam::595374584249:role/lamdaiamrole",
            "runtime": "python3.9",
            "s3_bucket": null,
            "s3_key": null,
            "s3_object_version": null,
            "signing_job_arn": "",
            "signing_profile_version_arn": "",
            "skip_destroy": false,
            "snap_start": [],
            "source_code_hash": "WJsZnn2LgVlUTeRKtuhnczt9VbX2Q7unpCB7JAWE+ss=",
            "source_code_size": 356,
            "tags": {},
            "tags_all": {},
            "timeout": 3,
            "timeouts": null,
            "tracing_config": [
              {
                "mode": "PassThrough"
              }
            ],
            "version": "$LATEST",
            "vpc_config": []
          },
          "sensitive_attributes": [],
          "identity_schema_version": 0,
          "private": "eyJlMmJmYjczMC1lY2FhLTExZTYtOGY4OC0zNDM2M2JjN2M0YzAiOnsiY3JlYXRlIjo2MDAwMDAwMDAwMDAsImRlbGV0ZSI6NjAwMDAwMDAwMDAwLCJ1cGRhdGUiOjYwMDAwMDAwMDAwMH19",
          "dependencies": [
            "data.aws_iam_role.lambda_iamrolename"
          ]
        }
      ]
    },
    {
      "mode": "managed",
      "type": "aws_lambda_permission",
      "name": "lambda_s3_invoke_perm",
      "provider": "provider[\"registry.terraform.io/hashicorp/aws\"]",
      "instances": [
        {
          "schema_version": 0,
          "attributes": {
            "action": "lambda:InvokeFunction",
            "event_source_token": "",
            "function_name": "testlamda",
            "function_url_auth_type": "",
            "id": "AllowS3Invoke",
            "principal": "s3.amazonaws.com",
            "principal_org_id": "",
            "qualifier": "",
            "source_account": "595374584249",
            "source_arn": "arn:aws:s3:::raja.s3.newbucket",
            "statement_id": "AllowS3Invoke",
            "statement_id_prefix": ""
          },
          "sensitive_attributes": [],
          "identity_schema_version": 0,
          "private": "bnVsbA=="
        }
      ]
    },
    {
      "mode": "managed",
      "type": "aws_s3_bucket",
      "name": "my_s3_bucket",
      "provider": "provider[\"registry.terraform.io/hashicorp/aws\"]",
      "instances": [
        {
          "schema_version": 0,
          "attributes": {
            "acceleration_status": "",
            "acl": null,
            "arn": "arn:aws:s3:::raja.s3.newbucket",
            "bucket": "raja.s3.newbucket",
            "bucket_domain_name": "raja.s3.newbucket.s3.amazonaws.com",
            "bucket_prefix": "",
            "bucket_regional_domain_name": "raja.s3.newbucket.s3.amazonaws.com",
            "cors_rule": [],
            "force_destroy": false,
            "grant": [
              {
                "id": "fca28c3bb0b70efe56c035457faf4e2df71ed253b0675f2e5d3eb39eda3c618c",
                "permissions": [
                  "FULL_CONTROL"
                ],
                "type": "CanonicalUser",
                "uri": ""
              }
            ],
            "hosted_zone_id": "Z3AQBSTGFYJSTF",
            "id": "raja.s3.newbucket",
            "lifecycle_rule": [],
            "logging": [],
            "object_lock_configuration": [],
            "object_lock_enabled": false,
            "policy": "",
            "region": "us-east-1",
            "replication_configuration": [],
            "request_payer": "BucketOwner",
            "server_side_encryption_configuration": [
              {
                "rule": [
                  {
                    "apply_server_side_encryption_by_default": [
                      {
                        "kms_master_key_id": "",
                        "sse_algorithm": "AES256"
                      }
                    ],
                    "bucket_key_enabled": false
                  }
                ]
              }
            ],
            "tags": {},
            "tags_all": {},
            "timeouts": null,
            "versioning": [
              {
                "enabled": false,
                "mfa_delete": false
              }
            ],
            "website": [],
            "website_domain": null,
            "website_endpoint": null
          },
          "sensitive_attributes": [],
          "identity_schema_version": 0,
          "private": "eyJlMmJmYjczMC1lY2FhLTExZTYtOGY4OC0zNDM2M2JjN2M0YzAiOnsiY3JlYXRlIjoxMjAwMDAwMDAwMDAwLCJkZWxldGUiOjM2MDAwMDAwMDAwMDAsInJlYWQiOjEyMDAwMDAwMDAwMDAsInVwZGF0ZSI6MTIwMDAwMDAwMDAwMH19"
        }
      ]
    },
    {
      "mode": "managed",
      "type": "aws_s3_bucket_notification",
      "name": "bucket_notification",
      "provider": "provider[\"registry.terraform.io/hashicorp/aws\"]",
      "instances": [
        {
          "schema_version": 0,
          "attributes": {
            "bucket": "raja.s3.newbucket",
            "eventbridge": false,
            "id": "raja.s3.newbucket",
            "lambda_function": [
              {
                "events": [
                  "s3:ObjectCreated:*"
                ],
                "filter_prefix": "",
                "filter_suffix": "",
                "id": "tf-s3-lambda-20250630053814836800000001",
                "lambda_function_arn": "arn:aws:lambda:us-east-1:595374584249:function:testlamda"
              }
            ],
            "queue": [],
            "topic": []
          },
          "sensitive_attributes": [],
          "identity_schema_version": 0,
          "private": "bnVsbA==",
          "dependencies": [
            "aws_lambda_permission.lambda_s3_invoke_perm"
          ]
        }
      ]
    }
  ],
  "check_results": null
}
